
Microsoft Visual Studio Solution File, Format Version 12.00
# Visual Studio Version 17
VisualStudioVersion = 17.5.33502.453
MinimumVisualStudioVersion = 10.0.40219.1
Project("{9A19103F-16F7-4668-BE54-9A1E7A4F7556}") = "MonitoringService", "MonitoringService\MonitoringService.csproj", "{889ED6CC-5ACD-4C52-94E2-C865B480EEAE}"
EndProject
Project("{FAE04EC0-301F-11D3-BF4B-00C04F79EFBC}") = "RestAPI", "RestAPI\RestAPI.csproj", "{6D6F2947-0D98-41B6-ACC6-EC487737FB7B}"
EndProject
Global
	GlobalSection(SolutionConfigurationPlatforms) = preSolution
		Debug|Any CPU = Debug|Any CPU
		Release|Any CPU = Release|Any CPU
	EndGlobalSection
	GlobalSection(ProjectConfigurationPlatforms) = postSolution
		{889ED6CC-5ACD-4C52-94E2-C865B480EEAE}.Debug|Any CPU.ActiveCfg = Debug|Any CPU
		{889ED6CC-5ACD-4C52-94E2-C865B480EEAE}.Debug|Any CPU.Build.0 = Debug|Any CPU
		{889ED6CC-5ACD-4C52-94E2-C865B480EEAE}.Release|Any CPU.ActiveCfg = Release|Any CPU
		{889ED6CC-5ACD-4C52-94E2-C865B480EEAE}.Release|Any CPU.Build.0 = Release|Any CPU
		{6D6F2947-0D98-41B6-ACC6-EC487737FB7B}.Debug|Any CPU.ActiveCfg = Debug|Any CPU
		{6D6F2947-0D98-41B6-ACC6-EC487737FB7B}.Debug|Any CPU.Build.0 = Debug|Any CPU
		{6D6F2947-0D98-41B6-ACC6-EC487737FB7B}.Release|Any CPU.ActiveCfg = Release|Any CPU
		{6D6F2947-0D98-41B6-ACC6-EC487737FB7B}.Release|Any CPU.Build.0 = Release|Any CPU
	EndGlobalSection
	GlobalSection(SolutionProperties) = preSolution
		HideSolutionNode = FALSE
	EndGlobalSection
	GlobalSection(ExtensibilityGlobals) = postSolution
		SolutionGuid = {84E7D197-875D-4489-B597-A28A24FBF6F7}
	EndGlobalSection
EndGlobal
